
Microsoft Visual Studio Solution File, Format Version 12.00
# Visual Studio Version 17
VisualStudioVersion = 17.14.36401.2 d17.14
MinimumVisualStudioVersion = 10.0.40219.1
Project("{FAE04EC0-301F-11D3-BF4B-00C04F79EFBC}") = "CitizenHackathon2025V4.Blazor.Client", "CitizenHackathon2025V4.Blazor\CitizenHackathon2025V4.Blazor.Client.csproj", "{A35AF8AB-B24B-423F-8317-1D4B9C35D309}"
EndProject
Project("{2150E333-8FDC-42A3-9474-1A3956D46DE8}") = "Solution elements", "Solution elements", "{02EA681E-C7D8-13C7-8484-4AC65E1B71E8}"
	ProjectSection(SolutionItems) = preProject
		Deploiement.txt = Deploiement.txt
		READme.md = READme.md
	EndProjectSection
EndProject
Global
	GlobalSection(SolutionConfigurationPlatforms) = preSolution
		Debug|Any CPU = Debug|Any CPU
		Release|Any CPU = Release|Any CPU
	EndGlobalSection
	GlobalSection(ProjectConfigurationPlatforms) = postSolution
		{A35AF8AB-B24B-423F-8317-1D4B9C35D309}.Debug|Any CPU.ActiveCfg = Debug|Any CPU
		{A35AF8AB-B24B-423F-8317-1D4B9C35D309}.Debug|Any CPU.Build.0 = Debug|Any CPU
		{A35AF8AB-B24B-423F-8317-1D4B9C35D309}.Release|Any CPU.ActiveCfg = Release|Any CPU
		{A35AF8AB-B24B-423F-8317-1D4B9C35D309}.Release|Any CPU.Build.0 = Release|Any CPU
	EndGlobalSection
	GlobalSection(SolutionProperties) = preSolution
		HideSolutionNode = FALSE
	EndGlobalSection
	GlobalSection(ExtensibilityGlobals) = postSolution
		SolutionGuid = {6615D496-2E0E-4A08-9B4B-426A77BA4748}
	EndGlobalSection
EndGlobal
